
Microsoft Visual Studio Solution File, Format Version 12.00
# Visual Studio Version 16
VisualStudioVersion = 16.0.29009.5
MinimumVisualStudioVersion = 10.0.40219.1
Project("{9A19103F-16F7-4668-BE54-9A1E7A4F7556}") = "Multilinks.TokenService", "Multilinks.TokenService\Multilinks.TokenService.csproj", "{A21FF27A-2609-48CA-9098-8FB4F43DBAEB}"
EndProject
Global
	GlobalSection(SolutionConfigurationPlatforms) = preSolution
		Debug|Any CPU = Debug|Any CPU
		Release|Any CPU = Release|Any CPU
	EndGlobalSection
	GlobalSection(ProjectConfigurationPlatforms) = postSolution
		{A21FF27A-2609-48CA-9098-8FB4F43DBAEB}.Debug|Any CPU.ActiveCfg = Debug|Any CPU
		{A21FF27A-2609-48CA-9098-8FB4F43DBAEB}.Debug|Any CPU.Build.0 = Debug|Any CPU
		{A21FF27A-2609-48CA-9098-8FB4F43DBAEB}.Release|Any CPU.ActiveCfg = Release|Any CPU
		{A21FF27A-2609-48CA-9098-8FB4F43DBAEB}.Release|Any CPU.Build.0 = Release|Any CPU
	EndGlobalSection
	GlobalSection(SolutionProperties) = preSolution
		HideSolutionNode = FALSE
	EndGlobalSection
	GlobalSection(ExtensibilityGlobals) = postSolution
		SolutionGuid = {F9C1A02E-5123-4EA0-BDFD-7720A55B0FF9}
	EndGlobalSection
EndGlobal
