
Microsoft Visual Studio Solution File, Format Version 12.00
# Visual Studio 15
VisualStudioVersion = 15.0.28010.2003
MinimumVisualStudioVersion = 10.0.40219.1
Project("{9A19103F-16F7-4668-BE54-9A1E7A4F7556}") = "Multilinks.ApiService", "Multilinks.ApiService\Multilinks.ApiService.csproj", "{835369F5-2D16-4A1F-ACEB-8E3520D31B15}"
EndProject
Project("{9A19103F-16F7-4668-BE54-9A1E7A4F7556}") = "Multilinks.TokenService", "Multilinks.TokenService\Multilinks.TokenService.csproj", "{F5441E57-B49A-4C71-92CB-CE556DB77F01}"
EndProject
Global
	GlobalSection(SolutionConfigurationPlatforms) = preSolution
		Debug|Any CPU = Debug|Any CPU
		Release|Any CPU = Release|Any CPU
	EndGlobalSection
	GlobalSection(ProjectConfigurationPlatforms) = postSolution
		{835369F5-2D16-4A1F-ACEB-8E3520D31B15}.Debug|Any CPU.ActiveCfg = Debug|Any CPU
		{835369F5-2D16-4A1F-ACEB-8E3520D31B15}.Debug|Any CPU.Build.0 = Debug|Any CPU
		{835369F5-2D16-4A1F-ACEB-8E3520D31B15}.Release|Any CPU.ActiveCfg = Release|Any CPU
		{835369F5-2D16-4A1F-ACEB-8E3520D31B15}.Release|Any CPU.Build.0 = Release|Any CPU
		{F5441E57-B49A-4C71-92CB-CE556DB77F01}.Debug|Any CPU.ActiveCfg = Debug|Any CPU
		{F5441E57-B49A-4C71-92CB-CE556DB77F01}.Debug|Any CPU.Build.0 = Debug|Any CPU
		{F5441E57-B49A-4C71-92CB-CE556DB77F01}.Release|Any CPU.ActiveCfg = Release|Any CPU
		{F5441E57-B49A-4C71-92CB-CE556DB77F01}.Release|Any CPU.Build.0 = Release|Any CPU
	EndGlobalSection
	GlobalSection(SolutionProperties) = preSolution
		HideSolutionNode = FALSE
	EndGlobalSection
	GlobalSection(ExtensibilityGlobals) = postSolution
		SolutionGuid = {3D912E7C-2843-4F8C-84A7-E78FAF4E09BA}
	EndGlobalSection
EndGlobal
